
Microsoft Visual Studio Solution File, Format Version 12.00
# Visual Studio Version 16
VisualStudioVersion = 16.0.31129.286
MinimumVisualStudioVersion = 10.0.40219.1
Project("{FAE04EC0-301F-11D3-BF4B-00C04F79EFBC}") = "Longest Substring Without Repeating Characters", "LeetCodeSolve\Longest Substring Without Repeating Characters.csproj", "{3A3EB334-9A3B-4524-A196-E6820CF5F5C4}"
EndProject
Project("{FAE04EC0-301F-11D3-BF4B-00C04F79EFBC}") = "5. Longest Palindromic Substring", "5. Longest Palindromic Substring\5. Longest Palindromic Substring.csproj", "{4079A19C-A904-4DC6-B21E-1C01EE7E2D7B}"
EndProject
Global
	GlobalSection(SolutionConfigurationPlatforms) = preSolution
		Debug|Any CPU = Debug|Any CPU
		Release|Any CPU = Release|Any CPU
	EndGlobalSection
	GlobalSection(ProjectConfigurationPlatforms) = postSolution
		{3A3EB334-9A3B-4524-A196-E6820CF5F5C4}.Debug|Any CPU.ActiveCfg = Debug|Any CPU
		{3A3EB334-9A3B-4524-A196-E6820CF5F5C4}.Debug|Any CPU.Build.0 = Debug|Any CPU
		{3A3EB334-9A3B-4524-A196-E6820CF5F5C4}.Release|Any CPU.ActiveCfg = Release|Any CPU
		{3A3EB334-9A3B-4524-A196-E6820CF5F5C4}.Release|Any CPU.Build.0 = Release|Any CPU
		{4079A19C-A904-4DC6-B21E-1C01EE7E2D7B}.Debug|Any CPU.ActiveCfg = Debug|Any CPU
		{4079A19C-A904-4DC6-B21E-1C01EE7E2D7B}.Debug|Any CPU.Build.0 = Debug|Any CPU
		{4079A19C-A904-4DC6-B21E-1C01EE7E2D7B}.Release|Any CPU.ActiveCfg = Release|Any CPU
		{4079A19C-A904-4DC6-B21E-1C01EE7E2D7B}.Release|Any CPU.Build.0 = Release|Any CPU
	EndGlobalSection
	GlobalSection(SolutionProperties) = preSolution
		HideSolutionNode = FALSE
	EndGlobalSection
	GlobalSection(ExtensibilityGlobals) = postSolution
		SolutionGuid = {24F0FEFD-A06B-4FCA-AF75-F0B06F09E4DB}
	EndGlobalSection
EndGlobal
